PODS:
  - Alamofire (4.5.1)
  - CocoaLumberjack (3.4.1):
    - CocoaLumberjack/Default (= 3.4.1)
    - CocoaLumberjack/Extensions (= 3.4.1)
  - CocoaLumberjack/Default (3.4.1)
  - CocoaLumberjack/Extensions (3.4.1):
    - CocoaLumberjack/Default
  - GoogleToolboxForMac/Defines (2.1.3)
  - GoogleToolboxForMac/NSData+zlib (2.1.3):
    - GoogleToolboxForMac/Defines (= 2.1.3)
  - LwayveSDK/Core (2.3.3):
    - Alamofire (~> 4.5.0)
    - CocoaLumberjack (~> 3)
    - GoogleToolboxForMac/NSData+zlib (~> 2.1.1)
    - SwiftyJSON (~> 3.1.4)
    - YapDatabase/Standard/Core (= 3.0)
  - LwayveSDK/ProxSee (2.3.3):
    - LwayveSDK/Core
    - ProxSeeSDK (= 3.0.0)
  - ProxSeeSDK (3.0.0)
  - SwiftyJSON (3.1.4)
  - YapDatabase/Standard/Core (3.0):
    - CocoaLumberjack

DEPENDENCIES:
  - LwayveSDK/ProxSee

SPEC CHECKSUMS:
  Alamofire: 2d95912bf4c34f164fdfc335872e8c312acaea4a
  CocoaLumberjack: 2e258a064cacc8eb9a2aca318e24d02a0a7fd56d
  GoogleToolboxForMac: 2501e2ad72a52eb3dfe7bd9aee7dad11b858bd20
  LwayveSDK: b4ecab1c84cefa2cd8e6bcf3ffac9b89eb484d14
  ProxSeeSDK: 2246ebd32ba03263aceca80880b4d56bcbf5a12d
  SwiftyJSON: c2842d878f95482ffceec5709abc3d05680c0220
  YapDatabase: 0cef6c79948169c924ae325d430ffcfa8a5231c2

PODFILE CHECKSUM: d50b6aa80e3c898ec2973481041f59be97bc151b

COCOAPODS: 1.4.0
